
Microsoft Visual Studio Solution File, Format Version 12.00
# Visual Studio 15
VisualStudioVersion = 15.0.28307.572
MinimumVisualStudioVersion = 10.0.40219.1
Project("{F5034706-568F-408A-B7B3-4D38C6DB8A32}") = "AnalyzeExecutables", "AnalyzeExecutables\AnalyzeExecutables.pssproj", "{6CAFC0C6-A428-4D30-A9F9-700E829FEA51}"
EndProject
Project("{2150E333-8FDC-42A3-9474-1A3956D46DE8}") = "Solution Items", "Solution Items", "{9C4C3843-FF48-4DB0-8D72-7D3B9F72AB8F}"
	ProjectSection(SolutionItems) = preProject
		BuildAll.ps1 = BuildAll.ps1
		Initialize.ps1 = Initialize.ps1
		PackageAll.ps1 = PackageAll.ps1
		PackageSequence.psd1 = PackageSequence.psd1
		TestAll.ps1 = TestAll.ps1
	EndProjectSection
EndProject
Project("{F5034706-568F-408A-B7B3-4D38C6DB8A32}") = "PowershellBuilder", "PowershellBuilder\PowershellBuilder.pssproj", "{F4A291E6-845C-4469-886B-BBBA24B5541D}"
EndProject
Project("{F5034706-568F-408A-B7B3-4D38C6DB8A32}") = "CallGraph.Graphviz", "CallGraph.Graphviz\CallGraph.Graphviz.pssproj", "{B9B7AD9D-C925-401B-AC18-C79D3506CEE4}"
EndProject
Global
	GlobalSection(SolutionConfigurationPlatforms) = preSolution
		Debug|Any CPU = Debug|Any CPU
		Release|Any CPU = Release|Any CPU
	EndGlobalSection
	GlobalSection(ProjectConfigurationPlatforms) = postSolution
		{6CAFC0C6-A428-4D30-A9F9-700E829FEA51}.Debug|Any CPU.ActiveCfg = Debug|Any CPU
		{6CAFC0C6-A428-4D30-A9F9-700E829FEA51}.Debug|Any CPU.Build.0 = Debug|Any CPU
		{6CAFC0C6-A428-4D30-A9F9-700E829FEA51}.Release|Any CPU.ActiveCfg = Release|Any CPU
		{6CAFC0C6-A428-4D30-A9F9-700E829FEA51}.Release|Any CPU.Build.0 = Release|Any CPU
		{F4A291E6-845C-4469-886B-BBBA24B5541D}.Debug|Any CPU.ActiveCfg = Debug|Any CPU
		{F4A291E6-845C-4469-886B-BBBA24B5541D}.Debug|Any CPU.Build.0 = Debug|Any CPU
		{F4A291E6-845C-4469-886B-BBBA24B5541D}.Release|Any CPU.ActiveCfg = Release|Any CPU
		{F4A291E6-845C-4469-886B-BBBA24B5541D}.Release|Any CPU.Build.0 = Release|Any CPU
		{B9B7AD9D-C925-401B-AC18-C79D3506CEE4}.Debug|Any CPU.ActiveCfg = Debug|Any CPU
		{B9B7AD9D-C925-401B-AC18-C79D3506CEE4}.Debug|Any CPU.Build.0 = Debug|Any CPU
		{B9B7AD9D-C925-401B-AC18-C79D3506CEE4}.Release|Any CPU.ActiveCfg = Release|Any CPU
		{B9B7AD9D-C925-401B-AC18-C79D3506CEE4}.Release|Any CPU.Build.0 = Release|Any CPU
	EndGlobalSection
	GlobalSection(SolutionProperties) = preSolution
		HideSolutionNode = FALSE
	EndGlobalSection
	GlobalSection(ExtensibilityGlobals) = postSolution
		SolutionGuid = {0EAECD14-4119-4B1D-BC3B-811011CF979A}
	EndGlobalSection
EndGlobal
